
Microsoft Visual Studio Solution File, Format Version 12.00
# Visual Studio Version 16
VisualStudioVersion = 16.0.30413.136
MinimumVisualStudioVersion = 10.0.40219.1
Project("{FAE04EC0-301F-11D3-BF4B-00C04F79EFBC}") = "horoskop.Android", "horoskop\horoskop.Android\horoskop.Android.csproj", "{3836398A-9DD4-49DF-AFDD-242CF7C40990}"
EndProject
Project("{FAE04EC0-301F-11D3-BF4B-00C04F79EFBC}") = "horoskop.iOS", "horoskop\horoskop.iOS\horoskop.iOS.csproj", "{AA1D3FB5-8BBA-49BE-AD3C-D426EFB74FD3}"
EndProject
Project("{FAE04EC0-301F-11D3-BF4B-00C04F79EFBC}") = "horoskop", "horoskop\horoskop\horoskop.csproj", "{C8A0FE9C-3145-4B77-9CC7-4AE6377D0AB1}"
EndProject
Global
	GlobalSection(SolutionConfigurationPlatforms) = preSolution
		Debug|Any CPU = Debug|Any CPU
		Debug|iPhone = Debug|iPhone
		Debug|iPhoneSimulator = Debug|iPhoneSimulator
		Release|Any CPU = Release|Any CPU
		Release|iPhone = Release|iPhone
		Release|iPhoneSimulator = Release|iPhoneSimulator
	EndGlobalSection
	GlobalSection(ProjectConfigurationPlatforms) = postSolution
		{3836398A-9DD4-49DF-AFDD-242CF7C40990}.Debug|Any CPU.ActiveCfg = Debug|Any CPU
		{3836398A-9DD4-49DF-AFDD-242CF7C40990}.Debug|Any CPU.Build.0 = Debug|Any CPU
		{3836398A-9DD4-49DF-AFDD-242CF7C40990}.Debug|Any CPU.Deploy.0 = Debug|Any CPU
		{3836398A-9DD4-49DF-AFDD-242CF7C40990}.Debug|iPhone.ActiveCfg = Debug|Any CPU
		{3836398A-9DD4-49DF-AFDD-242CF7C40990}.Debug|iPhone.Build.0 = Debug|Any CPU
		{3836398A-9DD4-49DF-AFDD-242CF7C40990}.Debug|iPhone.Deploy.0 = Debug|Any CPU
		{3836398A-9DD4-49DF-AFDD-242CF7C40990}.Debug|iPhoneSimulator.ActiveCfg = Debug|Any CPU
		{3836398A-9DD4-49DF-AFDD-242CF7C40990}.Debug|iPhoneSimulator.Build.0 = Debug|Any CPU
		{3836398A-9DD4-49DF-AFDD-242CF7C40990}.Debug|iPhoneSimulator.Deploy.0 = Debug|Any CPU
		{3836398A-9DD4-49DF-AFDD-242CF7C40990}.Release|Any CPU.ActiveCfg = Release|Any CPU
		{3836398A-9DD4-49DF-AFDD-242CF7C40990}.Release|Any CPU.Build.0 = Release|Any CPU
		{3836398A-9DD4-49DF-AFDD-242CF7C40990}.Release|Any CPU.Deploy.0 = Release|Any CPU
		{3836398A-9DD4-49DF-AFDD-242CF7C40990}.Release|iPhone.ActiveCfg = Release|Any CPU
		{3836398A-9DD4-49DF-AFDD-242CF7C40990}.Release|iPhone.Build.0 = Release|Any CPU
		{3836398A-9DD4-49DF-AFDD-242CF7C40990}.Release|iPhone.Deploy.0 = Release|Any CPU
		{3836398A-9DD4-49DF-AFDD-242CF7C40990}.Release|iPhoneSimulator.ActiveCfg = Release|Any CPU
		{3836398A-9DD4-49DF-AFDD-242CF7C40990}.Release|iPhoneSimulator.Build.0 = Release|Any CPU
		{3836398A-9DD4-49DF-AFDD-242CF7C40990}.Release|iPhoneSimulator.Deploy.0 = Release|Any CPU
		{AA1D3FB5-8BBA-49BE-AD3C-D426EFB74FD3}.Debug|Any CPU.ActiveCfg = Debug|iPhone
		{AA1D3FB5-8BBA-49BE-AD3C-D426EFB74FD3}.Debug|Any CPU.Build.0 = Debug|iPhone
		{AA1D3FB5-8BBA-49BE-AD3C-D426EFB74FD3}.Debug|Any CPU.Deploy.0 = Debug|iPhone
		{AA1D3FB5-8BBA-49BE-AD3C-D426EFB74FD3}.Debug|iPhone.ActiveCfg = Debug|iPhone
		{AA1D3FB5-8BBA-49BE-AD3C-D426EFB74FD3}.Debug|iPhone.Build.0 = Debug|iPhone
		{AA1D3FB5-8BBA-49BE-AD3C-D426EFB74FD3}.Debug|iPhone.Deploy.0 = Debug|iPhone
		{AA1D3FB5-8BBA-49BE-AD3C-D426EFB74FD3}.Debug|iPhoneSimulator.ActiveCfg = Debug|iPhoneSimulator
		{AA1D3FB5-8BBA-49BE-AD3C-D426EFB74FD3}.Debug|iPhoneSimulator.Build.0 = Debug|iPhoneSimulator
		{AA1D3FB5-8BBA-49BE-AD3C-D426EFB74FD3}.Debug|iPhoneSimulator.Deploy.0 = Debug|iPhoneSimulator
		{AA1D3FB5-8BBA-49BE-AD3C-D426EFB74FD3}.Release|Any CPU.ActiveCfg = Release|iPhone
		{AA1D3FB5-8BBA-49BE-AD3C-D426EFB74FD3}.Release|Any CPU.Build.0 = Release|iPhone
		{AA1D3FB5-8BBA-49BE-AD3C-D426EFB74FD3}.Release|Any CPU.Deploy.0 = Release|iPhone
		{AA1D3FB5-8BBA-49BE-AD3C-D426EFB74FD3}.Release|iPhone.ActiveCfg = Release|iPhone
		{AA1D3FB5-8BBA-49BE-AD3C-D426EFB74FD3}.Release|iPhone.Build.0 = Release|iPhone
		{AA1D3FB5-8BBA-49BE-AD3C-D426EFB74FD3}.Release|iPhone.Deploy.0 = Release|iPhone
		{AA1D3FB5-8BBA-49BE-AD3C-D426EFB74FD3}.Release|iPhoneSimulator.ActiveCfg = Release|iPhoneSimulator
		{AA1D3FB5-8BBA-49BE-AD3C-D426EFB74FD3}.Release|iPhoneSimulator.Build.0 = Release|iPhoneSimulator
		{AA1D3FB5-8BBA-49BE-AD3C-D426EFB74FD3}.Release|iPhoneSimulator.Deploy.0 = Release|iPhoneSimulator
		{C8A0FE9C-3145-4B77-9CC7-4AE6377D0AB1}.Debug|Any CPU.ActiveCfg = Debug|Any CPU
		{C8A0FE9C-3145-4B77-9CC7-4AE6377D0AB1}.Debug|Any CPU.Build.0 = Debug|Any CPU
		{C8A0FE9C-3145-4B77-9CC7-4AE6377D0AB1}.Debug|Any CPU.Deploy.0 = Debug|Any CPU
		{C8A0FE9C-3145-4B77-9CC7-4AE6377D0AB1}.Debug|iPhone.ActiveCfg = Debug|Any CPU
		{C8A0FE9C-3145-4B77-9CC7-4AE6377D0AB1}.Debug|iPhone.Build.0 = Debug|Any CPU
		{C8A0FE9C-3145-4B77-9CC7-4AE6377D0AB1}.Debug|iPhone.Deploy.0 = Debug|Any CPU
		{C8A0FE9C-3145-4B77-9CC7-4AE6377D0AB1}.Debug|iPhoneSimulator.ActiveCfg = Debug|Any CPU
		{C8A0FE9C-3145-4B77-9CC7-4AE6377D0AB1}.Debug|iPhoneSimulator.Build.0 = Debug|Any CPU
		{C8A0FE9C-3145-4B77-9CC7-4AE6377D0AB1}.Debug|iPhoneSimulator.Deploy.0 = Debug|Any CPU
		{C8A0FE9C-3145-4B77-9CC7-4AE6377D0AB1}.Release|Any CPU.ActiveCfg = Release|Any CPU
		{C8A0FE9C-3145-4B77-9CC7-4AE6377D0AB1}.Release|Any CPU.Build.0 = Release|Any CPU
		{C8A0FE9C-3145-4B77-9CC7-4AE6377D0AB1}.Release|Any CPU.Deploy.0 = Release|Any CPU
		{C8A0FE9C-3145-4B77-9CC7-4AE6377D0AB1}.Release|iPhone.ActiveCfg = Release|Any CPU
		{C8A0FE9C-3145-4B77-9CC7-4AE6377D0AB1}.Release|iPhone.Build.0 = Release|Any CPU
		{C8A0FE9C-3145-4B77-9CC7-4AE6377D0AB1}.Release|iPhone.Deploy.0 = Release|Any CPU
		{C8A0FE9C-3145-4B77-9CC7-4AE6377D0AB1}.Release|iPhoneSimulator.ActiveCfg = Release|Any CPU
		{C8A0FE9C-3145-4B77-9CC7-4AE6377D0AB1}.Release|iPhoneSimulator.Build.0 = Release|Any CPU
		{C8A0FE9C-3145-4B77-9CC7-4AE6377D0AB1}.Release|iPhoneSimulator.Deploy.0 = Release|Any CPU
	EndGlobalSection
	GlobalSection(SolutionProperties) = preSolution
		HideSolutionNode = FALSE
	EndGlobalSection
	GlobalSection(ExtensibilityGlobals) = postSolution
		SolutionGuid = {6AC5DCDC-78A5-4E60-80D0-D56145B24BE9}
	EndGlobalSection
EndGlobal
